
Microsoft Visual Studio Solution File, Format Version 12.00
# Visual Studio 15
VisualStudioVersion = 15.0.27004.2010
MinimumVisualStudioVersion = 10.0.40219.1
Project("{FAE04EC0-301F-11D3-BF4B-00C04F79EFBC}") = "YunChengLK.Framework", "..\YunChengLK.Framework\YunChengLK.Framework.csproj", "{3A7AACD2-0D23-4F13-AD02-C2FA61B65F2F}"
EndProject
Project("{2150E333-8FDC-42A3-9474-1A3956D46DE8}") = "Reference", "Reference", "{1B595AE4-7444-4967-82FD-4F531F18684F}"
	ProjectSection(SolutionItems) = preProject
		..\Reference\EmitMapper.dll = ..\Reference\EmitMapper.dll
		..\Reference\log4net.dll = ..\Reference\log4net.dll
		..\Reference\log4net.xml = ..\Reference\log4net.xml
	EndProjectSection
EndProject
Project("{FAE04EC0-301F-11D3-BF4B-00C04F79EFBC}") = "YunChengLK.Framework.Dome", "..\YunChengLK.Framework.Dome\YunChengLK.Framework.Dome.csproj", "{1CBA8AED-F068-4D2A-924B-14CBF2BF1EE6}"
EndProject
Global
	GlobalSection(SolutionConfigurationPlatforms) = preSolution
		Debug|Any CPU = Debug|Any CPU
		Release|Any CPU = Release|Any CPU
	EndGlobalSection
	GlobalSection(ProjectConfigurationPlatforms) = postSolution
		{3A7AACD2-0D23-4F13-AD02-C2FA61B65F2F}.Debug|Any CPU.ActiveCfg = Debug|Any CPU
		{3A7AACD2-0D23-4F13-AD02-C2FA61B65F2F}.Debug|Any CPU.Build.0 = Debug|Any CPU
		{3A7AACD2-0D23-4F13-AD02-C2FA61B65F2F}.Release|Any CPU.ActiveCfg = Release|Any CPU
		{3A7AACD2-0D23-4F13-AD02-C2FA61B65F2F}.Release|Any CPU.Build.0 = Release|Any CPU
		{1CBA8AED-F068-4D2A-924B-14CBF2BF1EE6}.Debug|Any CPU.ActiveCfg = Debug|Any CPU
		{1CBA8AED-F068-4D2A-924B-14CBF2BF1EE6}.Debug|Any CPU.Build.0 = Debug|Any CPU
		{1CBA8AED-F068-4D2A-924B-14CBF2BF1EE6}.Release|Any CPU.ActiveCfg = Release|Any CPU
		{1CBA8AED-F068-4D2A-924B-14CBF2BF1EE6}.Release|Any CPU.Build.0 = Release|Any CPU
	EndGlobalSection
	GlobalSection(SolutionProperties) = preSolution
		HideSolutionNode = FALSE
	EndGlobalSection
	GlobalSection(ExtensibilityGlobals) = postSolution
		SolutionGuid = {DC3E8A06-8CC1-4064-9E1F-23E18A2928C2}
	EndGlobalSection
EndGlobal
